{
  "version": 4,
  "terraform_version": "1.12.2",
  "serial": 22,
  "lineage": "343e2483-52e5-f45d-8d7e-cbb613837a19",
  "outputs": {
    "m1file11": {
      "value": "1bc70db99ac6d10d6681a97b20b5004c152e7910",
      "type": "string"
    },
    "m2file11": {
      "value": "ed0601321dd533b08ae67872a636d4b51aa600da",
      "type": "string"
    }
  },
  "resources": [
    {
      "module": "module.m1",
      "mode": "managed",
      "type": "local_file",
      "name": "f11",
      "provider": "provider[\"registry.terraform.io/hashicorp/local\"]",
      "instances": [
        {
          "schema_version": 0,
          "attributes": {
            "content": "module1 content",
            "content_base64": null,
            "content_base64sha256": "mjeeQy1kbkV2P2ofOtdQW4R68h0BXuwqVHD10Fs1gS8=",
            "content_base64sha512": "zEfmqkx2efATS2s0/qXhs1FX9G32FlJ45lr+fJT2XnKrrW+tLVoHYu5lPlbjPgBmAHt5jRDb2nG5n5AaviDNFw==",
            "content_md5": "bfece2de9d95585a014907c2b06ef0e4",
            "content_sha1": "1bc70db99ac6d10d6681a97b20b5004c152e7910",
            "content_sha256": "9a379e432d646e45763f6a1f3ad7505b847af21d015eec2a5470f5d05b35812f",
            "content_sha512": "cc47e6aa4c7679f0134b6b34fea5e1b35157f46df6165278e65afe7c94f65e72abad6fad2d5a0762ee653e56e33e0066007b798d10dbda71b99f901abe20cd17",
            "directory_permission": "0777",
            "file_permission": "0777",
            "filename": "module1.txt",
            "id": "1bc70db99ac6d10d6681a97b20b5004c152e7910",
            "sensitive_content": null,
            "source": null
          },
          "sensitive_attributes": [
            [
              {
                "type": "get_attr",
                "value": "sensitive_content"
              }
            ]
          ],
          "identity_schema_version": 0
        }
      ]
    },
    {
      "module": "module.m2",
      "mode": "managed",
      "type": "local_file",
      "name": "f11",
      "provider": "provider[\"registry.terraform.io/hashicorp/local\"]",
      "instances": [
        {
          "schema_version": 0,
          "attributes": {
            "content": "module2 contnet",
            "content_base64": null,
            "content_base64sha256": "tnS0nF+v509YoLVLbre23/HPfXnaPacAKORPuMJbbKE=",
            "content_base64sha512": "aGxemtWOTq3LwcgRINOQlDIpm5Vmg0nv5J0bjVWYb4+9EPDbP43Ib2g6/xUxLpDFw7AVouIO9TsbE6wOPFkKlQ==",
            "content_md5": "21723fd6999fc4eb3e9a526e674fa876",
            "content_sha1": "ed0601321dd533b08ae67872a636d4b51aa600da",
            "content_sha256": "b674b49c5fafe74f58a0b54b6eb7b6dff1cf7d79da3da70028e44fb8c25b6ca1",
            "content_sha512": "686c5e9ad58e4eadcbc1c81120d3909432299b95668349efe49d1b8d55986f8fbd10f0db3f8dc86f683aff15312e90c5c3b015a2e20ef53b1b13ac0e3c590a95",
            "directory_permission": "0777",
            "file_permission": "0777",
            "filename": "module2.txt",
            "id": "ed0601321dd533b08ae67872a636d4b51aa600da",
            "sensitive_content": null,
            "source": null
          },
          "sensitive_attributes": [
            [
              {
                "type": "get_attr",
                "value": "sensitive_content"
              }
            ]
          ],
          "identity_schema_version": 0
        }
      ]
    },
    {
      "module": "module.m3",
      "mode": "managed",
      "type": "local_file",
      "name": "f1",
      "provider": "provider[\"registry.terraform.io/hashicorp/local\"]",
      "instances": [
        {
          "schema_version": 0,
          "attributes": {
            "content": "abc text message update",
            "content_base64": null,
            "content_base64sha256": "6MxVAUg48bQQjIfh2P/Hyqh2ubl+fnBtgHxfrqU7NXw=",
            "content_base64sha512": "N6VOxTfAOTHvUlJMrb7CF/FA9MVjH8S8HquZ7sbtFHon6dPOCxNl4daNmR7fNJQ8Zdok5Ey1pGnCQw2m9TCSKA==",
            "content_md5": "b621a2e33a1e4b1fa10c6adbd2627f95",
            "content_sha1": "51f47e645b04a2651cd7938e298119ee297efde7",
            "content_sha256": "e8cc55014838f1b4108c87e1d8ffc7caa876b9b97e7e706d807c5faea53b357c",
            "content_sha512": "37a54ec537c03931ef52524cadbec217f140f4c5631fc4bc1eab99eec6ed147a27e9d3ce0b1365e1d68d991edf34943c65da24e44cb5a469c2430da6f5309228",
            "directory_permission": "0777",
            "file_permission": "0777",
            "filename": "abc.txt",
            "id": "51f47e645b04a2651cd7938e298119ee297efde7",
            "sensitive_content": null,
            "source": null
          },
          "sensitive_attributes": [
            [
              {
                "type": "get_attr",
                "value": "sensitive_content"
              }
            ]
          ],
          "identity_schema_version": 0,
          "create_before_destroy": true
        }
      ]
    },
    {
      "module": "module.m3",
      "mode": "managed",
      "type": "local_file",
      "name": "f10",
      "provider": "provider[\"registry.terraform.io/hashicorp/local\"]",
      "instances": [
        {
          "index_key": 0,
          "schema_version": 0,
          "attributes": {
            "content": "test",
            "content_base64": null,
            "content_base64sha256": "n4bQgYhMfWWaL+qgxVrQFaO/TxsrC4Is0V1sFbDwCgg=",
            "content_base64sha512": "7iaw3Ur350mqGo7jwQrpkj9hiYB3Lkc/iBml1JQODbJ6wYX4oOHV+E+IvIh/1nsUNzLDBMxfqa2Ob1f1ACio/w==",
            "content_md5": "098f6bcd4621d373cade4e832627b4f6",
            "content_sha1": "a94a8fe5ccb19ba61c4c0873d391e987982fbbd3",
            "content_sha256": "9f86d081884c7d659a2feaa0c55ad015a3bf4f1b2b0b822cd15d6c15b0f00a08",
            "content_sha512": "ee26b0dd4af7e749aa1a8ee3c10ae9923f618980772e473f8819a5d4940e0db27ac185f8a0e1d5f84f88bc887fd67b143732c304cc5fa9ad8e6f57f50028a8ff",
            "directory_permission": "0777",
            "file_permission": "0777",
            "filename": "a1",
            "id": "a94a8fe5ccb19ba61c4c0873d391e987982fbbd3",
            "sensitive_content": null,
            "source": null
          },
          "sensitive_attributes": [
            [
              {
                "type": "get_attr",
                "value": "sensitive_content"
              }
            ]
          ],
          "identity_schema_version": 0
        },
        {
          "index_key": 1,
          "schema_version": 0,
          "attributes": {
            "content": "test",
            "content_base64": null,
            "content_base64sha256": "n4bQgYhMfWWaL+qgxVrQFaO/TxsrC4Is0V1sFbDwCgg=",
            "content_base64sha512": "7iaw3Ur350mqGo7jwQrpkj9hiYB3Lkc/iBml1JQODbJ6wYX4oOHV+E+IvIh/1nsUNzLDBMxfqa2Ob1f1ACio/w==",
            "content_md5": "098f6bcd4621d373cade4e832627b4f6",
            "content_sha1": "a94a8fe5ccb19ba61c4c0873d391e987982fbbd3",
            "content_sha256": "9f86d081884c7d659a2feaa0c55ad015a3bf4f1b2b0b822cd15d6c15b0f00a08",
            "content_sha512": "ee26b0dd4af7e749aa1a8ee3c10ae9923f618980772e473f8819a5d4940e0db27ac185f8a0e1d5f84f88bc887fd67b143732c304cc5fa9ad8e6f57f50028a8ff",
            "directory_permission": "0777",
            "file_permission": "0777",
            "filename": "b1",
            "id": "a94a8fe5ccb19ba61c4c0873d391e987982fbbd3",
            "sensitive_content": null,
            "source": null
          },
          "sensitive_attributes": [
            [
              {
                "type": "get_attr",
                "value": "sensitive_content"
              }
            ]
          ],
          "identity_schema_version": 0
        },
        {
          "index_key": 2,
          "schema_version": 0,
          "attributes": {
            "content": "test",
            "content_base64": null,
            "content_base64sha256": "n4bQgYhMfWWaL+qgxVrQFaO/TxsrC4Is0V1sFbDwCgg=",
            "content_base64sha512": "7iaw3Ur350mqGo7jwQrpkj9hiYB3Lkc/iBml1JQODbJ6wYX4oOHV+E+IvIh/1nsUNzLDBMxfqa2Ob1f1ACio/w==",
            "content_md5": "098f6bcd4621d373cade4e832627b4f6",
            "content_sha1": "a94a8fe5ccb19ba61c4c0873d391e987982fbbd3",
            "content_sha256": "9f86d081884c7d659a2feaa0c55ad015a3bf4f1b2b0b822cd15d6c15b0f00a08",
            "content_sha512": "ee26b0dd4af7e749aa1a8ee3c10ae9923f618980772e473f8819a5d4940e0db27ac185f8a0e1d5f84f88bc887fd67b143732c304cc5fa9ad8e6f57f50028a8ff",
            "directory_permission": "0777",
            "file_permission": "0777",
            "filename": "c1",
            "id": "a94a8fe5ccb19ba61c4c0873d391e987982fbbd3",
            "sensitive_content": null,
            "source": null
          },
          "sensitive_attributes": [
            [
              {
                "type": "get_attr",
                "value": "sensitive_content"
              }
            ]
          ],
          "identity_schema_version": 0
        }
      ]
    },
    {
      "module": "module.m3",
      "mode": "managed",
      "type": "local_file",
      "name": "f11",
      "provider": "provider[\"registry.terraform.io/hashicorp/local\"]",
      "instances": [
        {
          "index_key": "a1",
          "schema_version": 0,
          "attributes": {
            "content": "test",
            "content_base64": null,
            "content_base64sha256": "n4bQgYhMfWWaL+qgxVrQFaO/TxsrC4Is0V1sFbDwCgg=",
            "content_base64sha512": "7iaw3Ur350mqGo7jwQrpkj9hiYB3Lkc/iBml1JQODbJ6wYX4oOHV+E+IvIh/1nsUNzLDBMxfqa2Ob1f1ACio/w==",
            "content_md5": "098f6bcd4621d373cade4e832627b4f6",
            "content_sha1": "a94a8fe5ccb19ba61c4c0873d391e987982fbbd3",
            "content_sha256": "9f86d081884c7d659a2feaa0c55ad015a3bf4f1b2b0b822cd15d6c15b0f00a08",
            "content_sha512": "ee26b0dd4af7e749aa1a8ee3c10ae9923f618980772e473f8819a5d4940e0db27ac185f8a0e1d5f84f88bc887fd67b143732c304cc5fa9ad8e6f57f50028a8ff",
            "directory_permission": "0777",
            "file_permission": "0777",
            "filename": "a1",
            "id": "a94a8fe5ccb19ba61c4c0873d391e987982fbbd3",
            "sensitive_content": null,
            "source": null
          },
          "sensitive_attributes": [
            [
              {
                "type": "get_attr",
                "value": "sensitive_content"
              }
            ]
          ],
          "identity_schema_version": 0
        },
        {
          "index_key": "b1",
          "schema_version": 0,
          "attributes": {
            "content": "test",
            "content_base64": null,
            "content_base64sha256": "n4bQgYhMfWWaL+qgxVrQFaO/TxsrC4Is0V1sFbDwCgg=",
            "content_base64sha512": "7iaw3Ur350mqGo7jwQrpkj9hiYB3Lkc/iBml1JQODbJ6wYX4oOHV+E+IvIh/1nsUNzLDBMxfqa2Ob1f1ACio/w==",
            "content_md5": "098f6bcd4621d373cade4e832627b4f6",
            "content_sha1": "a94a8fe5ccb19ba61c4c0873d391e987982fbbd3",
            "content_sha256": "9f86d081884c7d659a2feaa0c55ad015a3bf4f1b2b0b822cd15d6c15b0f00a08",
            "content_sha512": "ee26b0dd4af7e749aa1a8ee3c10ae9923f618980772e473f8819a5d4940e0db27ac185f8a0e1d5f84f88bc887fd67b143732c304cc5fa9ad8e6f57f50028a8ff",
            "directory_permission": "0777",
            "file_permission": "0777",
            "filename": "b1",
            "id": "a94a8fe5ccb19ba61c4c0873d391e987982fbbd3",
            "sensitive_content": null,
            "source": null
          },
          "sensitive_attributes": [
            [
              {
                "type": "get_attr",
                "value": "sensitive_content"
              }
            ]
          ],
          "identity_schema_version": 0
        },
        {
          "index_key": "c1",
          "schema_version": 0,
          "attributes": {
            "content": "test",
            "content_base64": null,
            "content_base64sha256": "n4bQgYhMfWWaL+qgxVrQFaO/TxsrC4Is0V1sFbDwCgg=",
            "content_base64sha512": "7iaw3Ur350mqGo7jwQrpkj9hiYB3Lkc/iBml1JQODbJ6wYX4oOHV+E+IvIh/1nsUNzLDBMxfqa2Ob1f1ACio/w==",
            "content_md5": "098f6bcd4621d373cade4e832627b4f6",
            "content_sha1": "a94a8fe5ccb19ba61c4c0873d391e987982fbbd3",
            "content_sha256": "9f86d081884c7d659a2feaa0c55ad015a3bf4f1b2b0b822cd15d6c15b0f00a08",
            "content_sha512": "ee26b0dd4af7e749aa1a8ee3c10ae9923f618980772e473f8819a5d4940e0db27ac185f8a0e1d5f84f88bc887fd67b143732c304cc5fa9ad8e6f57f50028a8ff",
            "directory_permission": "0777",
            "file_permission": "0777",
            "filename": "c1",
            "id": "a94a8fe5ccb19ba61c4c0873d391e987982fbbd3",
            "sensitive_content": null,
            "source": null
          },
          "sensitive_attributes": [
            [
              {
                "type": "get_attr",
                "value": "sensitive_content"
              }
            ]
          ],
          "identity_schema_version": 0
        }
      ]
    },
    {
      "module": "module.m3",
      "mode": "managed",
      "type": "local_file",
      "name": "f2",
      "provider": "provider[\"registry.terraform.io/hashicorp/local\"]",
      "instances": [
        {
          "schema_version": 0,
          "attributes": {
            "content": "abcf2 text message update",
            "content_base64": null,
            "content_base64sha256": "Syx6DuOtXhk4kMfD9YgGNf/rKovrHseb0I+9kVdhbLE=",
            "content_base64sha512": "1g8ZHX0wg+YBENp9nhgIqQQzCtfQizcxJofqnHtxOjP87g8sD6Suc6pHFL30u6usf3ntIzpVH9IF++/LzbgAeg==",
            "content_md5": "2452948a7c42a2459f1c64998159c7e3",
            "content_sha1": "ea6ed94a21a0f0311b40a008d3014e1a6e7dd586",
            "content_sha256": "4b2c7a0ee3ad5e193890c7c3f5880635ffeb2a8beb1ec79bd08fbd9157616cb1",
            "content_sha512": "d60f191d7d3083e60110da7d9e1808a904330ad7d08b37312687ea9c7b713a33fcee0f2c0fa4ae73aa4714bdf4bbabac7f79ed233a551fd205fbefcbcdb8007a",
            "directory_permission": "0777",
            "file_permission": "0777",
            "filename": "abcf2.txt",
            "id": "ea6ed94a21a0f0311b40a008d3014e1a6e7dd586",
            "sensitive_content": null,
            "source": null
          },
          "sensitive_attributes": [
            [
              {
                "type": "get_attr",
                "value": "sensitive_content"
              }
            ]
          ],
          "identity_schema_version": 0
        }
      ]
    },
    {
      "module": "module.m3",
      "mode": "managed",
      "type": "local_file",
      "name": "f3",
      "provider": "provider[\"registry.terraform.io/hashicorp/local\"]",
      "instances": [
        {
          "schema_version": 0,
          "attributes": {
            "content": "abc text message update",
            "content_base64": null,
            "content_base64sha256": "6MxVAUg48bQQjIfh2P/Hyqh2ubl+fnBtgHxfrqU7NXw=",
            "content_base64sha512": "N6VOxTfAOTHvUlJMrb7CF/FA9MVjH8S8HquZ7sbtFHon6dPOCxNl4daNmR7fNJQ8Zdok5Ey1pGnCQw2m9TCSKA==",
            "content_md5": "b621a2e33a1e4b1fa10c6adbd2627f95",
            "content_sha1": "51f47e645b04a2651cd7938e298119ee297efde7",
            "content_sha256": "e8cc55014838f1b4108c87e1d8ffc7caa876b9b97e7e706d807c5faea53b357c",
            "content_sha512": "37a54ec537c03931ef52524cadbec217f140f4c5631fc4bc1eab99eec6ed147a27e9d3ce0b1365e1d68d991edf34943c65da24e44cb5a469c2430da6f5309228",
            "directory_permission": "0777",
            "file_permission": "0777",
            "filename": "51f47e645b04a2651cd7938e298119ee297efde7",
            "id": "51f47e645b04a2651cd7938e298119ee297efde7",
            "sensitive_content": null,
            "source": null
          },
          "sensitive_attributes": [
            [
              {
                "type": "get_attr",
                "value": "sensitive_content"
              }
            ]
          ],
          "identity_schema_version": 0,
          "dependencies": [
            "module.m3.local_file.f1"
          ]
        }
      ]
    },
    {
      "module": "module.m3",
      "mode": "managed",
      "type": "local_file",
      "name": "f4",
      "provider": "provider[\"registry.terraform.io/hashicorp/local\"]",
      "instances": [
        {
          "schema_version": 0,
          "attributes": {
            "content": "Normal content, indirect dependency",
            "content_base64": null,
            "content_base64sha256": "lonyCvATP+wPTL53g1vAnQUYJOdgLkeksVotNp9TaFs=",
            "content_base64sha512": "NClXzNa7yf8MqlXprU+kHKBQwnUj7leJnuFUeJoNhU3TBiTaylfvAaGpp+DW4eh8508gatJ6ZNHdm2VIwU63mw==",
            "content_md5": "26348dfbec55d67cfa20b9cffb95fa73",
            "content_sha1": "ba969a9d05c8bbb314f9bacdf31c0705a1481984",
            "content_sha256": "9689f20af0133fec0f4cbe77835bc09d051824e7602e47a4b15a2d369f53685b",
            "content_sha512": "342957ccd6bbc9ff0caa55e9ad4fa41ca050c27523ee57899ee154789a0d854dd30624daca57ef01a1a9a7e0d6e1e87ce74f206ad27a64d1dd9b6548c14eb79b",
            "directory_permission": "0777",
            "file_permission": "0777",
            "filename": "file4.txt",
            "id": "ba969a9d05c8bbb314f9bacdf31c0705a1481984",
            "sensitive_content": null,
            "source": null
          },
          "sensitive_attributes": [
            [
              {
                "type": "get_attr",
                "value": "sensitive_content"
              }
            ]
          ],
          "identity_schema_version": 0,
          "dependencies": [
            "module.m3.local_file.f2"
          ]
        }
      ]
    },
    {
      "module": "module.m3",
      "mode": "managed",
      "type": "local_file",
      "name": "f5",
      "provider": "provider[\"registry.terraform.io/hashicorp/local\"]",
      "instances": [
        {
          "schema_version": 0,
          "attributes": {
            "content": "Normal content, indirect dependency on f2 f3",
            "content_base64": null,
            "content_base64sha256": "hyjDEjYDHuG2O3TkqSS/ikHEXjm9fLd43muBlBQuaJg=",
            "content_base64sha512": "ON/d0dKSh2SC0VPQt2F+Jr/8lRkcEyt+X/l/tAmnv6bot+nYlWbvNPLvrq1I+UjHw4O1BnA/tE2P6tx6dRW/aQ==",
            "content_md5": "2962689819619d9aaab86ff3ef27487f",
            "content_sha1": "5744a5840db92f0f674c9ac55136ffdc09603457",
            "content_sha256": "8728c31236031ee1b63b74e4a924bf8a41c45e39bd7cb778de6b8194142e6898",
            "content_sha512": "38dfddd1d292876482d153d0b7617e26bffc95191c132b7e5ff97fb409a7bfa6e8b7e9d89566ef34f2efaead48f948c7c383b506703fb44d8feadc7a7515bf69",
            "directory_permission": "0777",
            "file_permission": "0777",
            "filename": "file5.txt",
            "id": "5744a5840db92f0f674c9ac55136ffdc09603457",
            "sensitive_content": null,
            "source": null
          },
          "sensitive_attributes": [
            [
              {
                "type": "get_attr",
                "value": "sensitive_content"
              }
            ]
          ],
          "identity_schema_version": 0,
          "dependencies": [
            "module.m3.local_file.f1",
            "module.m3.local_file.f2",
            "module.m3.local_file.f3"
          ]
        }
      ]
    },
    {
      "module": "module.m3",
      "mode": "managed",
      "type": "local_file",
      "name": "f7",
      "provider": "provider[\"registry.terraform.io/hashicorp/local\"]",
      "instances": [
        {
          "schema_version": 0,
          "attributes": {
            "content": "abc7 text message update",
            "content_base64": null,
            "content_base64sha256": "uB8EAHkKlGvk9UqUPr2bHTo9U74fVGBHNwt9twfSAnc=",
            "content_base64sha512": "NnV3kFi6qc3/Ra5Ms12Re6wT6zyqz2W//L/qNVrhuHw4w3tcpIwHkxvADAK+IgXH3P6EiUP/1CBzoz8dNLeBcw==",
            "content_md5": "8a8d4848db8d801adea1653560cad1a1",
            "content_sha1": "14e09a62b764107cbe84eae3636b58e7d5017bac",
            "content_sha256": "b81f0400790a946be4f54a943ebd9b1d3a3d53be1f546047370b7db707d20277",
            "content_sha512": "3675779058baa9cdff45ae4cb35d917bac13eb3caacf65bffcbfea355ae1b87c38c37b5ca48c07931bc00c02be2205c7dcfe848943ffd42073a33f1d34b78173",
            "directory_permission": "0777",
            "file_permission": "0777",
            "filename": "abc7.txt",
            "id": "14e09a62b764107cbe84eae3636b58e7d5017bac",
            "sensitive_content": null,
            "source": null
          },
          "sensitive_attributes": [
            [
              {
                "type": "get_attr",
                "value": "sensitive_content"
              }
            ]
          ],
          "identity_schema_version": 0
        }
      ]
    },
    {
      "module": "module.m3",
      "mode": "managed",
      "type": "local_file",
      "name": "f8",
      "provider": "provider[\"registry.terraform.io/hashicorp/local\"]",
      "instances": [
        {
          "schema_version": 0,
          "attributes": {
            "content": "abcf8 text message update2",
            "content_base64": null,
            "content_base64sha256": "icbY0eJjMR8S7hVCBuEfwFxo6xNURWZKM2eFOj0RnQ4=",
            "content_base64sha512": "rQYcyXk9LgdqrHm/UjhEFxcOkBSTsaiHIyvEnJTx9qOEjBH8qKnuF8ncNNwChiyVIaN8JiHGVQf6Vk7sWSmchg==",
            "content_md5": "20d0c60986269082fb4d3b6c9f71f1ff",
            "content_sha1": "4cbc8087efbef4b36dd6c4cc4e07b0521ac00b48",
            "content_sha256": "89c6d8d1e263311f12ee154206e11fc05c68eb135445664a3367853a3d119d0e",
            "content_sha512": "ad061cc9793d2e076aac79bf52384417170e901493b1a887232bc49c94f1f6a3848c11fca8a9ee17c9dc34dc02862c9521a37c2621c65507fa564eec59299c86",
            "directory_permission": "0777",
            "file_permission": "0777",
            "filename": "abcf8.txt",
            "id": "4cbc8087efbef4b36dd6c4cc4e07b0521ac00b48",
            "sensitive_content": null,
            "source": null
          },
          "sensitive_attributes": [
            [
              {
                "type": "get_attr",
                "value": "sensitive_content"
              }
            ]
          ],
          "identity_schema_version": 0
        }
      ]
    },
    {
      "module": "module.m4",
      "mode": "managed",
      "type": "local_file",
      "name": "f111",
      "provider": "provider[\"registry.terraform.io/hashicorp/local\"]",
      "instances": [
        {
          "schema_version": 0,
          "attributes": {
            "content": "f111 file content",
            "content_base64": null,
            "content_base64sha256": "/1o3T63wY6HpgOz8aABMg+HjuUUsgsE+Ty6V399nIYA=",
            "content_base64sha512": "b2N+IlxIG6aGI9ri4Ih1gVYcZqHP2pVj++6QcskWcD6ysx5PIns3gXd+RsKxARS22JJVGPdsNXQOLyyI42Cciw==",
            "content_md5": "91d5d70d9e2145ebb5aeb264ca76057a",
            "content_sha1": "57d0332815375bef92f4d5ec94f8dfdfd628e08a",
            "content_sha256": "ff5a374fadf063a1e980ecfc68004c83e1e3b9452c82c13e4f2e95dfdf672180",
            "content_sha512": "6f637e225c481ba68623dae2e0887581561c66a1cfda9563fbee9072c916703eb2b31e4f227b3781777e46c2b10114b6d8925518f76c35740e2f2c88e3609c8b",
            "directory_permission": "0777",
            "file_permission": "0777",
            "filename": "f111 file",
            "id": "57d0332815375bef92f4d5ec94f8dfdfd628e08a",
            "sensitive_content": null,
            "source": null
          },
          "sensitive_attributes": [
            [
              {
                "type": "get_attr",
                "value": "sensitive_content"
              }
            ]
          ],
          "identity_schema_version": 0
        }
      ]
    }
  ],
  "check_results": null
}
